
Microsoft Visual Studio Solution File, Format Version 12.00
# Visual Studio Version 16
VisualStudioVersion = 16.0.31729.503
MinimumVisualStudioVersion = 10.0.40219.1
Project("{888888A0-9F3D-457C-B088-3A5042F75D52}") = "HND Queues", "HND Queues\HND Queues.pyproj", "{D543536F-9F5A-4342-B1E3-8E109F1C01C4}"
EndProject
Global
	GlobalSection(SolutionConfigurationPlatforms) = preSolution
		Debug|Any CPU = Debug|Any CPU
		Release|Any CPU = Release|Any CPU
	EndGlobalSection
	GlobalSection(ProjectConfigurationPlatforms) = postSolution
		{D543536F-9F5A-4342-B1E3-8E109F1C01C4}.Debug|Any CPU.ActiveCfg = Debug|Any CPU
		{D543536F-9F5A-4342-B1E3-8E109F1C01C4}.Release|Any CPU.ActiveCfg = Release|Any CPU
	EndGlobalSection
	GlobalSection(SolutionProperties) = preSolution
		HideSolutionNode = FALSE
	EndGlobalSection
	GlobalSection(ExtensibilityGlobals) = postSolution
		SolutionGuid = {58F07851-788F-4147-953E-4A93DA19486B}
	EndGlobalSection
EndGlobal
